
Microsoft Visual Studio Solution File, Format Version 12.00
# Visual Studio Version 16
VisualStudioVersion = 16.0.31424.327
MinimumVisualStudioVersion = 10.0.40219.1
Project("{9A19103F-16F7-4668-BE54-9A1E7A4F7556}") = "Araba_Class", "Araba_Class.csproj", "{88CB7F7B-293E-41C7-8567-3BFB464BE40C}"
EndProject
Global
	GlobalSection(SolutionConfigurationPlatforms) = preSolution
		Debug|Any CPU = Debug|Any CPU
		Release|Any CPU = Release|Any CPU
	EndGlobalSection
	GlobalSection(ProjectConfigurationPlatforms) = postSolution
		{88CB7F7B-293E-41C7-8567-3BFB464BE40C}.Debug|Any CPU.ActiveCfg = Debug|Any CPU
		{88CB7F7B-293E-41C7-8567-3BFB464BE40C}.Debug|Any CPU.Build.0 = Debug|Any CPU
		{88CB7F7B-293E-41C7-8567-3BFB464BE40C}.Release|Any CPU.ActiveCfg = Release|Any CPU
		{88CB7F7B-293E-41C7-8567-3BFB464BE40C}.Release|Any CPU.Build.0 = Release|Any CPU
	EndGlobalSection
	GlobalSection(SolutionProperties) = preSolution
		HideSolutionNode = FALSE
	EndGlobalSection
	GlobalSection(ExtensibilityGlobals) = postSolution
		SolutionGuid = {DE3200A8-9033-4FF6-A089-5C5CD18962DA}
	EndGlobalSection
EndGlobal
